
Microsoft Visual Studio Solution File, Format Version 12.00
# Visual Studio Version 17
VisualStudioVersion = 17.9.34723.18
MinimumVisualStudioVersion = 10.0.40219.1
Project("{FAE04EC0-301F-11D3-BF4B-00C04F79EFBC}") = "Capture", "Capture\Capture.csproj", "{F4474B48-B7FD-4C57-B57D-9420FE00BCC0}"
EndProject
Project("{FAE04EC0-301F-11D3-BF4B-00C04F79EFBC}") = "ConsoleApp", "ConsoleApp\ConsoleApp.csproj", "{3E50A2D2-461A-4048-AC14-329E56651382}"
EndProject
Global
	GlobalSection(SolutionConfigurationPlatforms) = preSolution
		Debug|Any CPU = Debug|Any CPU
		Release|Any CPU = Release|Any CPU
	EndGlobalSection
	GlobalSection(ProjectConfigurationPlatforms) = postSolution
		{F4474B48-B7FD-4C57-B57D-9420FE00BCC0}.Debug|Any CPU.ActiveCfg = Debug|Any CPU
		{F4474B48-B7FD-4C57-B57D-9420FE00BCC0}.Debug|Any CPU.Build.0 = Debug|Any CPU
		{F4474B48-B7FD-4C57-B57D-9420FE00BCC0}.Release|Any CPU.ActiveCfg = Release|Any CPU
		{F4474B48-B7FD-4C57-B57D-9420FE00BCC0}.Release|Any CPU.Build.0 = Release|Any CPU
		{3E50A2D2-461A-4048-AC14-329E56651382}.Debug|Any CPU.ActiveCfg = Debug|Any CPU
		{3E50A2D2-461A-4048-AC14-329E56651382}.Debug|Any CPU.Build.0 = Debug|Any CPU
		{3E50A2D2-461A-4048-AC14-329E56651382}.Release|Any CPU.ActiveCfg = Release|Any CPU
		{3E50A2D2-461A-4048-AC14-329E56651382}.Release|Any CPU.Build.0 = Release|Any CPU
	EndGlobalSection
	GlobalSection(SolutionProperties) = preSolution
		HideSolutionNode = FALSE
	EndGlobalSection
	GlobalSection(ExtensibilityGlobals) = postSolution
		SolutionGuid = {9CEA4687-DB12-4AE9-9965-14CAC23314A2}
	EndGlobalSection
EndGlobal
